Microsoft Visual Studio Solution File, Format Version 12.00
# Visual Studio 2012
Project("{FAE04EC0-301F-11D3-BF4B-00C04F79EFBC}") = "Learning", "Learning.csproj", "{14D06C79-075B-42DD-9C5C-C99822C3D97A}"
EndProject
Global
	GlobalSection(SolutionConfigurationPlatforms) = preSolution
	Debug|Any CPU = Debug|Any CPU
	ExportDebug|Any CPU = ExportDebug|Any CPU
	ExportRelease|Any CPU = ExportRelease|Any CPU
	EndGlobalSection
	GlobalSection(ProjectConfigurationPlatforms) = postSolution
		{14D06C79-075B-42DD-9C5C-C99822C3D97A}.Debug|Any CPU.ActiveCfg = Debug|Any CPU
		{14D06C79-075B-42DD-9C5C-C99822C3D97A}.Debug|Any CPU.Build.0 = Debug|Any CPU
		{14D06C79-075B-42DD-9C5C-C99822C3D97A}.ExportDebug|Any CPU.ActiveCfg = ExportDebug|Any CPU
		{14D06C79-075B-42DD-9C5C-C99822C3D97A}.ExportDebug|Any CPU.Build.0 = ExportDebug|Any CPU
		{14D06C79-075B-42DD-9C5C-C99822C3D97A}.ExportRelease|Any CPU.ActiveCfg = ExportRelease|Any CPU
		{14D06C79-075B-42DD-9C5C-C99822C3D97A}.ExportRelease|Any CPU.Build.0 = ExportRelease|Any CPU
	EndGlobalSection
EndGlobal
